// !$*UTF8*$!
{
	archiveVersion = 1;
	classes = {
	};
	objectVersion = 50;
	objects = {

/* Begin PBXBuildFile section */
		AEDAD4BC23507421000DB5D6 /* AppDelegate.swift in Sources */ = {isa = PBXBuildFile; fileRef = AEDAD4BB23507421000DB5D6 /* AppDelegate.swift */; };
		AEDAD4BE23507421000DB5D6 /* SceneDelegate.swift in Sources */ = {isa = PBXBuildFile; fileRef = AEDAD4BD23507421000DB5D6 /* SceneDelegate.swift */; };
		AEDAD4C023507421000DB5D6 /* ContentView.swift in Sources */ = {isa = PBXBuildFile; fileRef = AEDAD4BF23507421000DB5D6 /* ContentView.swift */; };
		AEDAD4C223507424000DB5D6 /* Assets.xcassets in Resources */ = {isa = PBXBuildFile; fileRef = AEDAD4C123507424000DB5D6 /* Assets.xcassets */; };
		AEDAD4C523507424000DB5D6 /* Preview Assets.xcassets in Resources */ = {isa = PBXBuildFile; fileRef = AEDAD4C423507424000DB5D6 /* Preview Assets.xcassets */; };
		AEDAD4C823507424000DB5D6 /* LaunchScreen.storyboard in Resources */ = {isa = PBXBuildFile; fileRef = AEDAD4C623507424000DB5D6 /* LaunchScreen.storyboard */; };
		AEDAD4D323507424000DB5D6 /* githubactionstestTests.swift in Sources */ = {isa = PBXBuildFile; fileRef = AEDAD4D223507424000DB5D6 /* githubactionstestTests.swift */; };
/* End PBXBuildFile section */

/* Begin PBXContainerItemProxy section */
		AEDAD4CF23507424000DB5D6 /* PBXContainerItemProxy */ = {
			isa = PBXContainerItemProxy;
			containerPortal = AEDAD4B023507421000DB5D6 /* Project object */;
			proxyType = 1;
			remoteGlobalIDString = AEDAD4B723507421000DB5D6;
			remoteInfo = githubactionstest;
		};
/* End PBXContainerItemProxy section */

/* Begin PBXFileReference section */
		AEDAD4B823507421000DB5D6 /* githubactionstest.app */ = {isa = PBXFileReference; explicitFileType = wrapper.application; includeInIndex = 0; path = githubactionstest.app; sourceTree = BUILT_PRODUCTS_DIR; };
		AEDAD4BB23507421000DB5D6 /* AppDelegate.swift */ = {isa = PBXFileReference; lastKnownFileType = sourcecode.swift; path = AppDelegate.swift; sourceTree = "<group>"; };
		AEDAD4BD23507421000DB5D6 /* SceneDelegate.swift */ = {isa = PBXFileReference; lastKnownFileType = sourcecode.swift; path = SceneDelegate.swift; sourceTree = "<group>"; };
		AEDAD4BF23507421000DB5D6 /* ContentView.swift */ = {isa = PBXFileReference; lastKnownFileType = sourcecode.swift; path = ContentView.swift; sourceTree = "<group>"; };
		AEDAD4C123507424000DB5D6 /* Assets.xcassets */ = {isa = PBXFileReference; lastKnownFileType = folder.assetcatalog; path = Assets.xcassets; sourceTree = "<group>"; };
		AEDAD4C423507424000DB5D6 /* Preview Assets.xcassets */ = {isa = PBXFileReference; lastKnownFileType = folder.assetcatalog; path = "Preview Assets.xcassets"; sourceTree = "<group>"; };
		AEDAD4C723507424000DB5D6 /* Base */ = {isa = PBXFileReference; lastKnownFileType = file.storyboard; name = Base; path = Base.lproj/LaunchScreen.storyboard; sourceTree = "<group>"; };
		AEDAD4C923507424000DB5D6 /* Info.plist */ = {isa = PBXFileReference; lastKnownFileType = text.plist.xml; path = Info.plist; sourceTree = "<group>"; };
		AEDAD4CE23507424000DB5D6 /* githubactionstestTests.xctest */ = {isa = PBXFileReference; explicitFileType = wrapper.cfbundle; includeInIndex = 0; path = githubactionstestTests.xctest; sourceTree = BUILT_PRODUCTS_DIR; };
		AEDAD4D223507424000DB5D6 /* githubactionstestTests.swift */ = {isa = PBXFileReference; lastKnownFileType = sourcecode.swift; path = githubactionstestTests.swift; sourceTree = "<group>"; };
		AEDAD4D423507424000DB5D6 /* Info.plist */ = {isa = PBXFileReference; lastKnownFileType = text.plist.xml; path = Info.plist; sourceTree = "<group>"; };
/* End PBXFileReference section */

/* Begin PBXFrameworksBuildPhase section */
		AEDAD4B523507421000DB5D6 /* Frameworks */ = {
			isa = PBXFrameworksBuildPhase;
			buildActionMask = 2147483647;
			files = (
			);
			runOnlyForDeploymentPostprocessing = 0;
		};
		AEDAD4CB23507424000DB5D6 /* Frameworks */ = {
			isa = PBXFrameworksBuildPhase;
			buildActionMask = 2147483647;
			files = (
			);
			runOnlyForDeploymentPostprocessing = 0;
		};
/* End PBXFrameworksBuildPhase section */

/* Begin PBXGroup section */
		AEDAD4AF23507421000DB5D6 = {
			isa = PBXGroup;
			children = (
				AEDAD4BA23507421000DB5D6 /* githubactionstest */,
				AEDAD4D123507424000DB5D6 /* githubactionstestTests */,
				AEDAD4B923507421000DB5D6 /* Products */,
			);
			sourceTree = "<group>";
		};
		AEDAD4B923507421000DB5D6 /* Products */ = {
			isa = PBXGroup;
			children = (
				AEDAD4B823507421000DB5D6 /* githubactionstest.app */,
				AEDAD4CE23507424000DB5D6 /* githubactionstestTests.xctest */,
			);
			name = Products;
			sourceTree = "<group>";
		};
		AEDAD4BA23507421000DB5D6 /* githubactionstest */ = {
			isa = PBXGroup;
			children = (
				AEDAD4BB23507421000DB5D6 /* AppDelegate.swift */,
				AEDAD4BD23507421000DB5D6 /* SceneDelegate.swift */,
				AEDAD4BF23507421000DB5D6 /* ContentView.swift */,
				AEDAD4C123507424000DB5D6 /* Assets.xcassets */,
				AEDAD4C623507424000DB5D6 /* LaunchScreen.storyboard */,
				AEDAD4C923507424000DB5D6 /* Info.plist */,
				AEDAD4C323507424000DB5D6 /* Preview Content */,
			);
			path = githubactionstest;
			sourceTree = "<group>";
		};
		AEDAD4C323507424000DB5D6 /* Preview Content */ = {
			isa = PBXGroup;
			children = (
				AEDAD4C423507424000DB5D6 /* Preview Assets.xcassets */,
			);
			path = "Preview Content";
			sourceTree = "<group>";
		};
		AEDAD4D123507424000DB5D6 /* githubactionstestTests */ = {
			isa = PBXGroup;
			children = (
				AEDAD4D223507424000DB5D6 /* githubactionstestTests.swift */,
				AEDAD4D423507424000DB5D6 /* Info.plist */,
			);
			path = githubactionstestTests;
			sourceTree = "<group>";
		};
/* End PBXGroup section */

/* Begin PBXNativeTarget section */
		AEDAD4B723507421000DB5D6 /* githubactionstest */ = {
			isa = PBXNativeTarget;
			buildConfigurationList = AEDAD4D723507424000DB5D6 /* Build configuration list for PBXNativeTarget "githubactionstest" */;
			buildPhases = (
				AEDAD4B423507421000DB5D6 /* Sources */,
				AEDAD4B523507421000DB5D6 /* Frameworks */,
				AEDAD4B623507421000DB5D6 /* Resources */,
			);
			buildRules = (
			);
			dependencies = (
			);
			name = githubactionstest;
			productName = githubactionstest;
			productReference = AEDAD4B823507421000DB5D6 /* githubactionstest.app */;
			productType = "com.apple.product-type.application";
		};
		AEDAD4CD23507424000DB5D6 /* githubactionstestTests */ = {
			isa = PBXNativeTarget;
			buildConfigurationList = AEDAD4DA23507424000DB5D6 /* Build configuration list for PBXNativeTarget "githubactionstestTests" */;
			buildPhases = (
				AEDAD4CA23507424000DB5D6 /* Sources */,
				AEDAD4CB23507424000DB5D6 /* Frameworks */,
				AEDAD4CC23507424000DB5D6 /* Resources */,
			);
			buildRules = (
			);
			dependencies = (
				AEDAD4D023507424000DB5D6 /* PBXTargetDependency */,
			);
			name = githubactionstestTests;
			productName = githubactionstestTests;
			productReference = AEDAD4CE23507424000DB5D6 /* githubactionstestTests.xctest */;
			productType = "com.apple.product-type.bundle.unit-test";
		};
/* End PBXNativeTarget section */

/* Begin PBXProject section */
		AEDAD4B023507421000DB5D6 /* Project object */ = {
			isa = PBXProject;
			attributes = {
				LastSwiftUpdateCheck = 1100;
				LastUpgradeCheck = 1100;
				ORGANIZATIONNAME = N26;
				TargetAttributes = {
					AEDAD4B723507421000DB5D6 = {
						CreatedOnToolsVersion = 11.0;
					};
					AEDAD4CD23507424000DB5D6 = {
						CreatedOnToolsVersion = 11.0;
						TestTargetID = AEDAD4B723507421000DB5D6;
					};
				};
			};
			buildConfigurationList = AEDAD4B323507421000DB5D6 /* Build configuration list for PBXProject "githubactionstest" */;
			compatibilityVersion = "Xcode 9.3";
			developmentRegion = en;
			hasScannedForEncodings = 0;
			knownRegions = (
				en,
				Base,
			);
			mainGroup = AEDAD4AF23507421000DB5D6;
			productRefGroup = AEDAD4B923507421000DB5D6 /* Products */;
			projectDirPath = "";
			projectRoot = "";
			targets = (
				AEDAD4B723507421000DB5D6 /* githubactionstest */,
				AEDAD4CD23507424000DB5D6 /* githubactionstestTests */,
			);
		};
/* End PBXProject section */

/* Begin PBXResourcesBuildPhase section */
		AEDAD4B623507421000DB5D6 /* Resources */ = {
			isa = PBXResourcesBuildPhase;
			buildActionMask = 2147483647;
			files = (
				AEDAD4C823507424000DB5D6 /* LaunchScreen.storyboard in Resources */,
				AEDAD4C523507424000DB5D6 /* Preview Assets.xcassets in Resources */,
				AEDAD4C223507424000DB5D6 /* Assets.xcassets in Resources */,
			);
			runOnlyForDeploymentPostprocessing = 0;
		};
		AEDAD4CC23507424000DB5D6 /* Resources */ = {
			isa = PBXResourcesBuildPhase;
			buildActionMask = 2147483647;
			files = (
			);
			runOnlyForDeploymentPostprocessing = 0;
		};
/* End PBXResourcesBuildPhase section */

/* Begin PBXSourcesBuildPhase section */
		AEDAD4B423507421000DB5D6 /* Sources */ = {
			isa = PBXSourcesBuildPhase;
			buildActionMask = 2147483647;
			files = (
				AEDAD4BC23507421000DB5D6 /* AppDelegate.swift in Sources */,
				AEDAD4BE23507421000DB5D6 /* SceneDelegate.swift in Sources */,
				AEDAD4C023507421000DB5D6 /* ContentView.swift in Sources */,
			);
			runOnlyForDeploymentPostprocessing = 0;
		};
		AEDAD4CA23507424000DB5D6 /* Sources */ = {
			isa = PBXSourcesBuildPhase;
			buildActionMask = 2147483647;
			files = (
				AEDAD4D323507424000DB5D6 /* githubactionstestTests.swift in Sources */,
			);
			runOnlyForDeploymentPostprocessing = 0;
		};
/* End PBXSourcesBuildPhase section */

/* Begin PBXTargetDependency section */
		AEDAD4D023507424000DB5D6 /* PBXTargetDependency */ = {
			isa = PBXTargetDependency;
			target = AEDAD4B723507421000DB5D6 /* githubactionstest */;
			targetProxy = AEDAD4CF23507424000DB5D6 /* PBXContainerItemProxy */;
		};
/* End PBXTargetDependency section */

/* Begin PBXVariantGroup section */
		AEDAD4C623507424000DB5D6 /* LaunchScreen.storyboard */ = {
			isa = PBXVariantGroup;
			children = (
				AEDAD4C723507424000DB5D6 /* Base */,
			);
			name = LaunchScreen.storyboard;
			sourceTree = "<group>";
		};
/* End PBXVariantGroup section */

/* Begin XCBuildConfiguration section */
		AEDAD4D523507424000DB5D6 /* Debug */ = {
			isa = XCBuildConfiguration;
			buildSettings = {
				ALWAYS_SEARCH_USER_PATHS = NO;
				CLANG_ANALYZER_NONNULL = YES;
				CLANG_ANALYZER_NUMBER_OBJECT_CONVERSION = YES_AGGRESSIVE;
				CLANG_CXX_LANGUAGE_STANDARD = "gnu++14";
				CLANG_CXX_LIBRARY = "libc++";
				CLANG_ENABLE_MODULES = YES;
				CLANG_ENABLE_OBJC_ARC = YES;
				CLANG_ENABLE_OBJC_WEAK = YES;
				CLANG_WARN_BLOCK_CAPTURE_AUTORELEASING = YES;
				CLANG_WARN_BOOL_CONVERSION = YES;
				CLANG_WARN_COMMA = YES;
				CLANG_WARN_CONSTANT_CONVERSION = YES;
				CLANG_WARN_DEPRECATED_OBJC_IMPLEMENTATIONS = YES;
				CLANG_WARN_DIRECT_OBJC_ISA_USAGE = YES_ERROR;
				CLANG_WARN_DOCUMENTATION_COMMENTS = YES;
				CLANG_WARN_EMPTY_BODY = YES;
				CLANG_WARN_ENUM_CONVERSION = YES;
				CLANG_WARN_INFINITE_RECURSION = YES;
				CLANG_WARN_INT_CONVERSION = YES;
				CLANG_WARN_NON_LITERAL_NULL_CONVERSION = YES;
				CLANG_WARN_OBJC_IMPLICIT_RETAIN_SELF = YES;
				CLANG_WARN_OBJC_LITERAL_CONVERSION = YES;
				CLANG_WARN_OBJC_ROOT_CLASS = YES_ERROR;
				CLANG_WARN_RANGE_LOOP_ANALYSIS = YES;
				CLANG_WARN_STRICT_PROTOTYPES = YES;
				CLANG_WARN_SUSPICIOUS_MOVE = YES;
				CLANG_WARN_UNGUARDED_AVAILABILITY = YES_AGGRESSIVE;
				CLANG_WARN_UNREACHABLE_CODE = YES;
				CLANG_WARN__DUPLICATE_METHOD_MATCH = YES;
				COPY_PHASE_STRIP = NO;
				DEBUG_INFORMATION_FORMAT = dwarf;
				ENABLE_STRICT_OBJC_MSGSEND = YES;
				ENABLE_TESTABILITY = YES;
				GCC_C_LANGUAGE_STANDARD = gnu11;
				GCC_DYNAMIC_NO_PIC = NO;
				GCC_NO_COMMON_BLOCKS = YES;
				GCC_OPTIMIZATION_LEVEL = 0;
				GCC_PREPROCESSOR_DEFINITIONS = (
					"DEBUG=1",
					"$(inherited)",
				);
				GCC_WARN_64_TO_32_BIT_CONVERSION = YES;
				GCC_WARN_ABOUT_RETURN_TYPE = YES_ERROR;
				GCC_WARN_UNDECLARED_SELECTOR = YES;
				GCC_WARN_UNINITIALIZED_AUTOS = YES_AGGRESSIVE;
				GCC_WARN_UNUSED_FUNCTION = YES;
				GCC_WARN_UNUSED_VARIABLE = YES;
				IPHONEOS_DEPLOYMENT_TARGET = 13.0;
				MTL_ENABLE_DEBUG_INFO = INCLUDE_SOURCE;
				MTL_FAST_MATH = YES;
				ONLY_ACTIVE_ARCH = YES;
				SDKROOT = iphoneos;
				SWIFT_ACTIVE_COMPILATION_CONDITIONS = DEBUG;
				SWIFT_OPTIMIZATION_LEVEL = "-Onone";
			};
			name = Debug;
		};
		AEDAD4D623507424000DB5D6 /* Release */ = {
			isa = XCBuildConfiguration;
			buildSettings = {
				ALWAYS_SEARCH_USER_PATHS = NO;
				CLANG_ANALYZER_NONNULL = YES;
				CLANG_ANALYZER_NUMBER_OBJECT_CONVERSION = YES_AGGRESSIVE;
				CLANG_CXX_LANGUAGE_STANDARD = "gnu++14";
				CLANG_CXX_LIBRARY = "libc++";
				CLANG_ENABLE_MODULES = YES;
				CLANG_ENABLE_OBJC_ARC = YES;
				CLANG_ENABLE_OBJC_WEAK = YES;
				CLANG_WARN_BLOCK_CAPTURE_AUTORELEASING = YES;
				CLANG_WARN_BOOL_CONVERSION = YES;
				CLANG_WARN_COMMA = YES;
				CLANG_WARN_CONSTANT_CONVERSION = YES;
				CLANG_WARN_DEPRECATED_OBJC_IMPLEMENTATIONS = YES;
				CLANG_WARN_DIRECT_OBJC_ISA_USAGE = YES_ERROR;
				CLANG_WARN_DOCUMENTATION_COMMENTS = YES;
				CLANG_WARN_EMPTY_BODY = YES;
				CLANG_WARN_ENUM_CONVERSION = YES;
				CLANG_WARN_INFINITE_RECURSION = YES;
				CLANG_WARN_INT_CONVERSION = YES;
				CLANG_WARN_NON_LITERAL_NULL_CONVERSION = YES;
				CLANG_WARN_OBJC_IMPLICIT_RETAIN_SELF = YES;
				CLANG_WARN_OBJC_LITERAL_CONVERSION = YES;
				CLANG_WARN_OBJC_ROOT_CLASS = YES_ERROR;
				CLANG_WARN_RANGE_LOOP_ANALYSIS = YES;
				CLANG_WARN_STRICT_PROTOTYPES = YES;
				CLANG_WARN_SUSPICIOUS_MOVE = YES;
				CLANG_WARN_UNGUARDED_AVAILABILITY = YES_AGGRESSIVE;
				CLANG_WARN_UNREACHABLE_CODE = YES;
				CLANG_WARN__DUPLICATE_METHOD_MATCH = YES;
				COPY_PHASE_STRIP = NO;
				DEBUG_INFORMATION_FORMAT = "dwarf-with-dsym";
				ENABLE_NS_ASSERTIONS = NO;
				ENABLE_STRICT_OBJC_MSGSEND = YES;
				GCC_C_LANGUAGE_STANDARD = gnu11;
				GCC_NO_COMMON_BLOCKS = YES;
				GCC_WARN_64_TO_32_BIT_CONVERSION = YES;
				GCC_WARN_ABOUT_RETURN_TYPE = YES_ERROR;
				GCC_WARN_UNDECLARED_SELECTOR = YES;
				GCC_WARN_UNINITIALIZED_AUTOS = YES_AGGRESSIVE;
				GCC_WARN_UNUSED_FUNCTION = YES;
				GCC_WARN_UNUSED_VARIABLE = YES;
				IPHONEOS_DEPLOYMENT_TARGET = 13.0;
				MTL_ENABLE_DEBUG_INFO = NO;
				MTL_FAST_MATH = YES;
				SDKROOT = iphoneos;
				SWIFT_COMPILATION_MODE = wholemodule;
				SWIFT_OPTIMIZATION_LEVEL = "-O";
				VALIDATE_PRODUCT = YES;
			};
			name = Release;
		};
		AEDAD4D823507424000DB5D6 /* Debug */ = {
			isa = XCBuildConfiguration;
			buildSettings = {
				ASSETCATALOG_COMPILER_APPICON_NAME = AppIcon;
				CODE_SIGN_STYLE = Automatic;
				DEVELOPMENT_ASSET_PATHS = "\"githubactionstest/Preview Content\"";
				DEVELOPMENT_TEAM = FX85ZT7W4K;
				ENABLE_PREVIEWS = YES;
				INFOPLIST_FILE = githubactionstest/Info.plist;
				LD_RUNPATH_SEARCH_PATHS = (
					"$(inherited)",
					"@executable_path/Frameworks",
				);
				PRODUCT_BUNDLE_IDENTIFIER = number26.githubactionstest;
				PRODUCT_NAME = "$(TARGET_NAME)";
				SWIFT_VERSION = 5.0;
				TARGETED_DEVICE_FAMILY = "1,2";
			};
			name = Debug;
		};
		AEDAD4D923507424000DB5D6 /* Release */ = {
			isa = XCBuildConfiguration;
			buildSettings = {
				ASSETCATALOG_COMPILER_APPICON_NAME = AppIcon;
				CODE_SIGN_STYLE = Automatic;
				DEVELOPMENT_ASSET_PATHS = "\"githubactionstest/Preview Content\"";
				DEVELOPMENT_TEAM = FX85ZT7W4K;
				ENABLE_PREVIEWS = YES;
				INFOPLIST_FILE = githubactionstest/Info.plist;
				LD_RUNPATH_SEARCH_PATHS = (
					"$(inherited)",
					"@executable_path/Frameworks",
				);
				PRODUCT_BUNDLE_IDENTIFIER = number26.githubactionstest;
				PRODUCT_NAME = "$(TARGET_NAME)";
				SWIFT_VERSION = 5.0;
				TARGETED_DEVICE_FAMILY = "1,2";
			};
			name = Release;
		};
		AEDAD4DB23507424000DB5D6 /* Debug */ = {
			isa = XCBuildConfiguration;
			buildSettings = {
				ALWAYS_EMBED_SWIFT_STANDARD_LIBRARIES = YES;
				BUNDLE_LOADER = "$(TEST_HOST)";
				CODE_SIGN_STYLE = Automatic;
				DEVELOPMENT_TEAM = FX85ZT7W4K;
				INFOPLIST_FILE = githubactionstestTests/Info.plist;
				IPHONEOS_DEPLOYMENT_TARGET = 13.0;
				LD_RUNPATH_SEARCH_PATHS = (
					"$(inherited)",
					"@executable_path/Frameworks",
					"@loader_path/Frameworks",
				);
				PRODUCT_BUNDLE_IDENTIFIER = number26.githubactionstestTests;
				PRODUCT_NAME = "$(TARGET_NAME)";
				SWIFT_VERSION = 5.0;
				TARGETED_DEVICE_FAMILY = "1,2";
				TEST_HOST = "$(BUILT_PRODUCTS_DIR)/githubactionstest.app/githubactionstest";
			};
			name = Debug;
		};
		AEDAD4DC23507424000DB5D6 /* Release */ = {
			isa = XCBuildConfiguration;
			buildSettings = {
				ALWAYS_EMBED_SWIFT_STANDARD_LIBRARIES = YES;
				BUNDLE_LOADER = "$(TEST_HOST)";
				CODE_SIGN_STYLE = Automatic;
				DEVELOPMENT_TEAM = FX85ZT7W4K;
				INFOPLIST_FILE = githubactionstestTests/Info.plist;
				IPHONEOS_DEPLOYMENT_TARGET = 13.0;
				LD_RUNPATH_SEARCH_PATHS = (
					"$(inherited)",
					"@executable_path/Frameworks",
					"@loader_path/Frameworks",
				);
				PRODUCT_BUNDLE_IDENTIFIER = number26.githubactionstestTests;
				PRODUCT_NAME = "$(TARGET_NAME)";
				SWIFT_VERSION = 5.0;
				TARGETED_DEVICE_FAMILY = "1,2";
				TEST_HOST = "$(BUILT_PRODUCTS_DIR)/githubactionstest.app/githubactionstest";
			};
			name = Release;
		};
/* End XCBuildConfiguration section */

/* Begin XCConfigurationList section */
		AEDAD4B323507421000DB5D6 /* Build configuration list for PBXProject "githubactionstest" */ = {
			isa = XCConfigurationList;
			buildConfigurations = (
				AEDAD4D523507424000DB5D6 /* Debug */,
				AEDAD4D623507424000DB5D6 /* Release */,
			);
			defaultConfigurationIsVisible = 0;
			defaultConfigurationName = Release;
		};
		AEDAD4D723507424000DB5D6 /* Build configuration list for PBXNativeTarget "githubactionstest" */ = {
			isa = XCConfigurationList;
			buildConfigurations = (
				AEDAD4D823507424000DB5D6 /* Debug */,
				AEDAD4D923507424000DB5D6 /* Release */,
			);
			defaultConfigurationIsVisible = 0;
			defaultConfigurationName = Release;
		};
		AEDAD4DA23507424000DB5D6 /* Build configuration list for PBXNativeTarget "githubactionstestTests" */ = {
			isa = XCConfigurationList;
			buildConfigurations = (
				AEDAD4DB23507424000DB5D6 /* Debug */,
				AEDAD4DC23507424000DB5D6 /* Release */,
			);
			defaultConfigurationIsVisible = 0;
			defaultConfigurationName = Release;
		};
/* End XCConfigurationList section */
	};
	rootObject = AEDAD4B023507421000DB5D6 /* Project object */;
}
